
Microsoft Visual Studio Solution File, Format Version 12.00
# Visual Studio 15
VisualStudioVersion = 15.0.28307.136
MinimumVisualStudioVersion = 10.0.40219.1
Project("{FAE04EC0-301F-11D3-BF4B-00C04F79EFBC}") = "WindowsFormsApp", "WindowsFormsApp\WindowsFormsApp.csproj", "{E371A618-0510-43EC-A41E-C19A0D888EFF}"
EndProject
Global
	GlobalSection(SolutionConfigurationPlatforms) = preSolution
		Debug|Any CPU = Debug|Any CPU
		Release|Any CPU = Release|Any CPU
	EndGlobalSection
	GlobalSection(ProjectConfigurationPlatforms) = postSolution
		{E371A618-0510-43EC-A41E-C19A0D888EFF}.Debug|Any CPU.ActiveCfg = Debug|Any CPU
		{E371A618-0510-43EC-A41E-C19A0D888EFF}.Debug|Any CPU.Build.0 = Debug|Any CPU
		{E371A618-0510-43EC-A41E-C19A0D888EFF}.Release|Any CPU.ActiveCfg = Release|Any CPU
		{E371A618-0510-43EC-A41E-C19A0D888EFF}.Release|Any CPU.Build.0 = Release|Any CPU
	EndGlobalSection
	GlobalSection(SolutionProperties) = preSolution
		HideSolutionNode = FALSE
	EndGlobalSection
	GlobalSection(ExtensibilityGlobals) = postSolution
		SolutionGuid = {47704E37-BC0A-4D6B-B541-EE4658BAB3D0}
	EndGlobalSection
EndGlobal
